
Microsoft Visual Studio Solution File, Format Version 12.00
# Visual Studio Version 16
VisualStudioVersion = 16.0.30717.126
MinimumVisualStudioVersion = 10.0.40219.1
Project("{2150E333-8FDC-42A3-9474-1A3956D46DE8}") = "AdventOfCode2020", "AdventOfCode2020", "{1545E0B2-B9EA-45CA-9102-F7FFFC8A98DB}"
EndProject
Project("{9A19103F-16F7-4668-BE54-9A1E7A4F7556}") = "Day25", "Day25\Day25.csproj", "{9BA50E77-B04D-4A1A-9010-C641013C7417}"
EndProject
Project("{9A19103F-16F7-4668-BE54-9A1E7A4F7556}") = "Day24", "Day24\Day24.csproj", "{FAD9D955-FFA3-46C9-BC38-1E54AE5216DF}"
EndProject
Project("{9A19103F-16F7-4668-BE54-9A1E7A4F7556}") = "Day23", "Day23\Day23.csproj", "{B5D6AE09-1048-47CF-9824-9936BF09110C}"
EndProject
Project("{9A19103F-16F7-4668-BE54-9A1E7A4F7556}") = "Day22", "Day22\Day22.csproj", "{1E5A5DCB-FB6D-441F-8315-6EEAEFE0EAE8}"
EndProject
Project("{9A19103F-16F7-4668-BE54-9A1E7A4F7556}") = "Day21", "Day21\Day21.csproj", "{3D7000D4-152B-4367-8ADE-D805B6E3FD76}"
EndProject
Project("{9A19103F-16F7-4668-BE54-9A1E7A4F7556}") = "Day20", "Day20\Day20.csproj", "{83166134-1F5A-4503-8C12-8D8139DE1443}"
EndProject
Project("{9A19103F-16F7-4668-BE54-9A1E7A4F7556}") = "Day19", "Day19\Day19.csproj", "{DEA2137C-0FA7-43B7-8C2E-F201EA301DD7}"
EndProject
Project("{9A19103F-16F7-4668-BE54-9A1E7A4F7556}") = "Day18", "Day18\Day18.csproj", "{B7770198-C4C3-4C7E-8E90-75253F0ECFFB}"
EndProject
Project("{9A19103F-16F7-4668-BE54-9A1E7A4F7556}") = "Day17", "Day17\Day17.csproj", "{ED914B32-01D0-4EA9-9CAE-DF07C2C0F845}"
EndProject
Project("{9A19103F-16F7-4668-BE54-9A1E7A4F7556}") = "Day16", "Day16\Day16.csproj", "{0602EFEB-C34B-48F4-B1F2-74C8C0F684CC}"
EndProject
Project("{9A19103F-16F7-4668-BE54-9A1E7A4F7556}") = "Day15", "Day15\Day15.csproj", "{4D340B63-9CF7-48B7-B274-8424A1648450}"
EndProject
Project("{9A19103F-16F7-4668-BE54-9A1E7A4F7556}") = "Day14", "Day14\Day14.csproj", "{973B21AB-BE5F-4265-9071-BD8177EFC386}"
EndProject
Project("{9A19103F-16F7-4668-BE54-9A1E7A4F7556}") = "Day13", "Day13\Day13.csproj", "{AF3CAA72-F92E-45D9-808E-C6D67016CF64}"
EndProject
Project("{9A19103F-16F7-4668-BE54-9A1E7A4F7556}") = "Day12", "Day12\Day12.csproj", "{7D8D80F3-12C7-4BD9-B29A-3FCE58F363CA}"
EndProject
Project("{9A19103F-16F7-4668-BE54-9A1E7A4F7556}") = "Day11", "Day11\Day11.csproj", "{E8F5483D-937B-4CF6-82B7-1FA058A2C713}"
EndProject
Project("{9A19103F-16F7-4668-BE54-9A1E7A4F7556}") = "Day10", "Day10\Day10.csproj", "{92BF4747-14B9-4E13-9518-084819FC6CDE}"
EndProject
Project("{9A19103F-16F7-4668-BE54-9A1E7A4F7556}") = "Day09", "Day09\Day09.csproj", "{74831B49-0F9E-4287-854C-550E800C159B}"
EndProject
Project("{9A19103F-16F7-4668-BE54-9A1E7A4F7556}") = "Day08", "Day08\Day08.csproj", "{D722F750-2A14-4AE1-964A-B1D4F3AAD4BB}"
EndProject
Project("{9A19103F-16F7-4668-BE54-9A1E7A4F7556}") = "Day07", "Day07\Day07.csproj", "{34D58F60-0394-477A-AE4D-9B5D9A80FD09}"
EndProject
Project("{9A19103F-16F7-4668-BE54-9A1E7A4F7556}") = "Day06", "Day06\Day06.csproj", "{06478414-5F13-45B6-92DE-69807205F76A}"
EndProject
Project("{9A19103F-16F7-4668-BE54-9A1E7A4F7556}") = "Day05", "Day05\Day05.csproj", "{12A446E5-2585-4A96-A006-55AFC2DEF564}"
EndProject
Project("{9A19103F-16F7-4668-BE54-9A1E7A4F7556}") = "Day04", "Day04\Day04.csproj", "{CE30D9C0-6780-4427-A686-159B9760EEFB}"
EndProject
Project("{9A19103F-16F7-4668-BE54-9A1E7A4F7556}") = "Day03", "Day03\Day03.csproj", "{F8DDE01A-8471-4508-B6B1-5F54C95A3EFF}"
EndProject
Project("{9A19103F-16F7-4668-BE54-9A1E7A4F7556}") = "Day02", "Day02\Day02.csproj", "{1E313A4F-AFE9-46D1-A566-C9F08D614505}"
EndProject
Project("{9A19103F-16F7-4668-BE54-9A1E7A4F7556}") = "Day01", "Day01\Day01.csproj", "{C44DBBCD-96AB-4EC7-A953-71344D944D61}"
EndProject
Project("{9A19103F-16F7-4668-BE54-9A1E7A4F7556}") = "Common", "Common\Common.csproj", "{913DA340-C3E0-46BE-8E6D-23B02AB9562F}"
EndProject
Project("{FAE04EC0-301F-11D3-BF4B-00C04F79EFBC}") = "SolutionGetter", "SolutionGetter\SolutionGetter.csproj", "{258C9F3D-30D9-4256-89AF-C6EEA61E71CE}"
EndProject
Project("{2150E333-8FDC-42A3-9474-1A3956D46DE8}") = "Tests", "Tests", "{CE0051D5-F56B-4EA8-B1B7-A008173727B3}"
EndProject
Project("{FAE04EC0-301F-11D3-BF4B-00C04F79EFBC}") = "Day01Tests", "Tests\Day01Tests\Day01Tests.csproj", "{638E5289-9B25-411A-BDDB-F5D20335DF69}"
EndProject
Global
	GlobalSection(SolutionConfigurationPlatforms) = preSolution
		Debug|Any CPU = Debug|Any CPU
		Release|Any CPU = Release|Any CPU
	EndGlobalSection
	GlobalSection(ProjectConfigurationPlatforms) = postSolution
		{9BA50E77-B04D-4A1A-9010-C641013C7417}.Debug|Any CPU.ActiveCfg = Debug|Any CPU
		{9BA50E77-B04D-4A1A-9010-C641013C7417}.Debug|Any CPU.Build.0 = Debug|Any CPU
		{9BA50E77-B04D-4A1A-9010-C641013C7417}.Release|Any CPU.ActiveCfg = Release|Any CPU
		{9BA50E77-B04D-4A1A-9010-C641013C7417}.Release|Any CPU.Build.0 = Release|Any CPU
		{FAD9D955-FFA3-46C9-BC38-1E54AE5216DF}.Debug|Any CPU.ActiveCfg = Debug|Any CPU
		{FAD9D955-FFA3-46C9-BC38-1E54AE5216DF}.Debug|Any CPU.Build.0 = Debug|Any CPU
		{FAD9D955-FFA3-46C9-BC38-1E54AE5216DF}.Release|Any CPU.ActiveCfg = Release|Any CPU
		{FAD9D955-FFA3-46C9-BC38-1E54AE5216DF}.Release|Any CPU.Build.0 = Release|Any CPU
		{B5D6AE09-1048-47CF-9824-9936BF09110C}.Debug|Any CPU.ActiveCfg = Debug|Any CPU
		{B5D6AE09-1048-47CF-9824-9936BF09110C}.Debug|Any CPU.Build.0 = Debug|Any CPU
		{B5D6AE09-1048-47CF-9824-9936BF09110C}.Release|Any CPU.ActiveCfg = Release|Any CPU
		{B5D6AE09-1048-47CF-9824-9936BF09110C}.Release|Any CPU.Build.0 = Release|Any CPU
		{1E5A5DCB-FB6D-441F-8315-6EEAEFE0EAE8}.Debug|Any CPU.ActiveCfg = Debug|Any CPU
		{1E5A5DCB-FB6D-441F-8315-6EEAEFE0EAE8}.Debug|Any CPU.Build.0 = Debug|Any CPU
		{1E5A5DCB-FB6D-441F-8315-6EEAEFE0EAE8}.Release|Any CPU.ActiveCfg = Release|Any CPU
		{1E5A5DCB-FB6D-441F-8315-6EEAEFE0EAE8}.Release|Any CPU.Build.0 = Release|Any CPU
		{3D7000D4-152B-4367-8ADE-D805B6E3FD76}.Debug|Any CPU.ActiveCfg = Debug|Any CPU
		{3D7000D4-152B-4367-8ADE-D805B6E3FD76}.Debug|Any CPU.Build.0 = Debug|Any CPU
		{3D7000D4-152B-4367-8ADE-D805B6E3FD76}.Release|Any CPU.ActiveCfg = Release|Any CPU
		{3D7000D4-152B-4367-8ADE-D805B6E3FD76}.Release|Any CPU.Build.0 = Release|Any CPU
		{83166134-1F5A-4503-8C12-8D8139DE1443}.Debug|Any CPU.ActiveCfg = Debug|Any CPU
		{83166134-1F5A-4503-8C12-8D8139DE1443}.Debug|Any CPU.Build.0 = Debug|Any CPU
		{83166134-1F5A-4503-8C12-8D8139DE1443}.Release|Any CPU.ActiveCfg = Release|Any CPU
		{83166134-1F5A-4503-8C12-8D8139DE1443}.Release|Any CPU.Build.0 = Release|Any CPU
		{DEA2137C-0FA7-43B7-8C2E-F201EA301DD7}.Debug|Any CPU.ActiveCfg = Debug|Any CPU
		{DEA2137C-0FA7-43B7-8C2E-F201EA301DD7}.Debug|Any CPU.Build.0 = Debug|Any CPU
		{DEA2137C-0FA7-43B7-8C2E-F201EA301DD7}.Release|Any CPU.ActiveCfg = Release|Any CPU
		{DEA2137C-0FA7-43B7-8C2E-F201EA301DD7}.Release|Any CPU.Build.0 = Release|Any CPU
		{B7770198-C4C3-4C7E-8E90-75253F0ECFFB}.Debug|Any CPU.ActiveCfg = Debug|Any CPU
		{B7770198-C4C3-4C7E-8E90-75253F0ECFFB}.Debug|Any CPU.Build.0 = Debug|Any CPU
		{B7770198-C4C3-4C7E-8E90-75253F0ECFFB}.Release|Any CPU.ActiveCfg = Release|Any CPU
		{B7770198-C4C3-4C7E-8E90-75253F0ECFFB}.Release|Any CPU.Build.0 = Release|Any CPU
		{ED914B32-01D0-4EA9-9CAE-DF07C2C0F845}.Debug|Any CPU.ActiveCfg = Debug|Any CPU
		{ED914B32-01D0-4EA9-9CAE-DF07C2C0F845}.Debug|Any CPU.Build.0 = Debug|Any CPU
		{ED914B32-01D0-4EA9-9CAE-DF07C2C0F845}.Release|Any CPU.ActiveCfg = Release|Any CPU
		{ED914B32-01D0-4EA9-9CAE-DF07C2C0F845}.Release|Any CPU.Build.0 = Release|Any CPU
		{0602EFEB-C34B-48F4-B1F2-74C8C0F684CC}.Debug|Any CPU.ActiveCfg = Debug|Any CPU
		{0602EFEB-C34B-48F4-B1F2-74C8C0F684CC}.Debug|Any CPU.Build.0 = Debug|Any CPU
		{0602EFEB-C34B-48F4-B1F2-74C8C0F684CC}.Release|Any CPU.ActiveCfg = Release|Any CPU
		{0602EFEB-C34B-48F4-B1F2-74C8C0F684CC}.Release|Any CPU.Build.0 = Release|Any CPU
		{4D340B63-9CF7-48B7-B274-8424A1648450}.Debug|Any CPU.ActiveCfg = Debug|Any CPU
		{4D340B63-9CF7-48B7-B274-8424A1648450}.Debug|Any CPU.Build.0 = Debug|Any CPU
		{4D340B63-9CF7-48B7-B274-8424A1648450}.Release|Any CPU.ActiveCfg = Release|Any CPU
		{4D340B63-9CF7-48B7-B274-8424A1648450}.Release|Any CPU.Build.0 = Release|Any CPU
		{973B21AB-BE5F-4265-9071-BD8177EFC386}.Debug|Any CPU.ActiveCfg = Debug|Any CPU
		{973B21AB-BE5F-4265-9071-BD8177EFC386}.Debug|Any CPU.Build.0 = Debug|Any CPU
		{973B21AB-BE5F-4265-9071-BD8177EFC386}.Release|Any CPU.ActiveCfg = Release|Any CPU
		{973B21AB-BE5F-4265-9071-BD8177EFC386}.Release|Any CPU.Build.0 = Release|Any CPU
		{AF3CAA72-F92E-45D9-808E-C6D67016CF64}.Debug|Any CPU.ActiveCfg = Debug|Any CPU
		{AF3CAA72-F92E-45D9-808E-C6D67016CF64}.Debug|Any CPU.Build.0 = Debug|Any CPU
		{AF3CAA72-F92E-45D9-808E-C6D67016CF64}.Release|Any CPU.ActiveCfg = Release|Any CPU
		{AF3CAA72-F92E-45D9-808E-C6D67016CF64}.Release|Any CPU.Build.0 = Release|Any CPU
		{7D8D80F3-12C7-4BD9-B29A-3FCE58F363CA}.Debug|Any CPU.ActiveCfg = Debug|Any CPU
		{7D8D80F3-12C7-4BD9-B29A-3FCE58F363CA}.Debug|Any CPU.Build.0 = Debug|Any CPU
		{7D8D80F3-12C7-4BD9-B29A-3FCE58F363CA}.Release|Any CPU.ActiveCfg = Release|Any CPU
		{7D8D80F3-12C7-4BD9-B29A-3FCE58F363CA}.Release|Any CPU.Build.0 = Release|Any CPU
		{E8F5483D-937B-4CF6-82B7-1FA058A2C713}.Debug|Any CPU.ActiveCfg = Debug|Any CPU
		{E8F5483D-937B-4CF6-82B7-1FA058A2C713}.Debug|Any CPU.Build.0 = Debug|Any CPU
		{E8F5483D-937B-4CF6-82B7-1FA058A2C713}.Release|Any CPU.ActiveCfg = Release|Any CPU
		{E8F5483D-937B-4CF6-82B7-1FA058A2C713}.Release|Any CPU.Build.0 = Release|Any CPU
		{92BF4747-14B9-4E13-9518-084819FC6CDE}.Debug|Any CPU.ActiveCfg = Debug|Any CPU
		{92BF4747-14B9-4E13-9518-084819FC6CDE}.Debug|Any CPU.Build.0 = Debug|Any CPU
		{92BF4747-14B9-4E13-9518-084819FC6CDE}.Release|Any CPU.ActiveCfg = Release|Any CPU
		{92BF4747-14B9-4E13-9518-084819FC6CDE}.Release|Any CPU.Build.0 = Release|Any CPU
		{74831B49-0F9E-4287-854C-550E800C159B}.Debug|Any CPU.ActiveCfg = Debug|Any CPU
		{74831B49-0F9E-4287-854C-550E800C159B}.Debug|Any CPU.Build.0 = Debug|Any CPU
		{74831B49-0F9E-4287-854C-550E800C159B}.Release|Any CPU.ActiveCfg = Release|Any CPU
		{74831B49-0F9E-4287-854C-550E800C159B}.Release|Any CPU.Build.0 = Release|Any CPU
		{D722F750-2A14-4AE1-964A-B1D4F3AAD4BB}.Debug|Any CPU.ActiveCfg = Debug|Any CPU
		{D722F750-2A14-4AE1-964A-B1D4F3AAD4BB}.Debug|Any CPU.Build.0 = Debug|Any CPU
		{D722F750-2A14-4AE1-964A-B1D4F3AAD4BB}.Release|Any CPU.ActiveCfg = Release|Any CPU
		{D722F750-2A14-4AE1-964A-B1D4F3AAD4BB}.Release|Any CPU.Build.0 = Release|Any CPU
		{34D58F60-0394-477A-AE4D-9B5D9A80FD09}.Debug|Any CPU.ActiveCfg = Debug|Any CPU
		{34D58F60-0394-477A-AE4D-9B5D9A80FD09}.Debug|Any CPU.Build.0 = Debug|Any CPU
		{34D58F60-0394-477A-AE4D-9B5D9A80FD09}.Release|Any CPU.ActiveCfg = Release|Any CPU
		{34D58F60-0394-477A-AE4D-9B5D9A80FD09}.Release|Any CPU.Build.0 = Release|Any CPU
		{06478414-5F13-45B6-92DE-69807205F76A}.Debug|Any CPU.ActiveCfg = Debug|Any CPU
		{06478414-5F13-45B6-92DE-69807205F76A}.Debug|Any CPU.Build.0 = Debug|Any CPU
		{06478414-5F13-45B6-92DE-69807205F76A}.Release|Any CPU.ActiveCfg = Release|Any CPU
		{06478414-5F13-45B6-92DE-69807205F76A}.Release|Any CPU.Build.0 = Release|Any CPU
		{12A446E5-2585-4A96-A006-55AFC2DEF564}.Debug|Any CPU.ActiveCfg = Debug|Any CPU
		{12A446E5-2585-4A96-A006-55AFC2DEF564}.Debug|Any CPU.Build.0 = Debug|Any CPU
		{12A446E5-2585-4A96-A006-55AFC2DEF564}.Release|Any CPU.ActiveCfg = Release|Any CPU
		{12A446E5-2585-4A96-A006-55AFC2DEF564}.Release|Any CPU.Build.0 = Release|Any CPU
		{CE30D9C0-6780-4427-A686-159B9760EEFB}.Debug|Any CPU.ActiveCfg = Debug|Any CPU
		{CE30D9C0-6780-4427-A686-159B9760EEFB}.Debug|Any CPU.Build.0 = Debug|Any CPU
		{CE30D9C0-6780-4427-A686-159B9760EEFB}.Release|Any CPU.ActiveCfg = Release|Any CPU
		{CE30D9C0-6780-4427-A686-159B9760EEFB}.Release|Any CPU.Build.0 = Release|Any CPU
		{F8DDE01A-8471-4508-B6B1-5F54C95A3EFF}.Debug|Any CPU.ActiveCfg = Debug|Any CPU
		{F8DDE01A-8471-4508-B6B1-5F54C95A3EFF}.Debug|Any CPU.Build.0 = Debug|Any CPU
		{F8DDE01A-8471-4508-B6B1-5F54C95A3EFF}.Release|Any CPU.ActiveCfg = Release|Any CPU
		{F8DDE01A-8471-4508-B6B1-5F54C95A3EFF}.Release|Any CPU.Build.0 = Release|Any CPU
		{1E313A4F-AFE9-46D1-A566-C9F08D614505}.Debug|Any CPU.ActiveCfg = Debug|Any CPU
		{1E313A4F-AFE9-46D1-A566-C9F08D614505}.Debug|Any CPU.Build.0 = Debug|Any CPU
		{1E313A4F-AFE9-46D1-A566-C9F08D614505}.Release|Any CPU.ActiveCfg = Release|Any CPU
		{1E313A4F-AFE9-46D1-A566-C9F08D614505}.Release|Any CPU.Build.0 = Release|Any CPU
		{C44DBBCD-96AB-4EC7-A953-71344D944D61}.Debug|Any CPU.ActiveCfg = Debug|Any CPU
		{C44DBBCD-96AB-4EC7-A953-71344D944D61}.Debug|Any CPU.Build.0 = Debug|Any CPU
		{C44DBBCD-96AB-4EC7-A953-71344D944D61}.Release|Any CPU.ActiveCfg = Release|Any CPU
		{C44DBBCD-96AB-4EC7-A953-71344D944D61}.Release|Any CPU.Build.0 = Release|Any CPU
		{913DA340-C3E0-46BE-8E6D-23B02AB9562F}.Debug|Any CPU.ActiveCfg = Debug|Any CPU
		{913DA340-C3E0-46BE-8E6D-23B02AB9562F}.Debug|Any CPU.Build.0 = Debug|Any CPU
		{913DA340-C3E0-46BE-8E6D-23B02AB9562F}.Release|Any CPU.ActiveCfg = Release|Any CPU
		{913DA340-C3E0-46BE-8E6D-23B02AB9562F}.Release|Any CPU.Build.0 = Release|Any CPU
		{258C9F3D-30D9-4256-89AF-C6EEA61E71CE}.Debug|Any CPU.ActiveCfg = Debug|Any CPU
		{258C9F3D-30D9-4256-89AF-C6EEA61E71CE}.Debug|Any CPU.Build.0 = Debug|Any CPU
		{258C9F3D-30D9-4256-89AF-C6EEA61E71CE}.Release|Any CPU.ActiveCfg = Release|Any CPU
		{258C9F3D-30D9-4256-89AF-C6EEA61E71CE}.Release|Any CPU.Build.0 = Release|Any CPU
		{638E5289-9B25-411A-BDDB-F5D20335DF69}.Debug|Any CPU.ActiveCfg = Debug|Any CPU
		{638E5289-9B25-411A-BDDB-F5D20335DF69}.Debug|Any CPU.Build.0 = Debug|Any CPU
		{638E5289-9B25-411A-BDDB-F5D20335DF69}.Release|Any CPU.ActiveCfg = Release|Any CPU
		{638E5289-9B25-411A-BDDB-F5D20335DF69}.Release|Any CPU.Build.0 = Release|Any CPU
	EndGlobalSection
	GlobalSection(SolutionProperties) = preSolution
		HideSolutionNode = FALSE
	EndGlobalSection
	GlobalSection(NestedProjects) = preSolution
		{9BA50E77-B04D-4A1A-9010-C641013C7417} = {1545E0B2-B9EA-45CA-9102-F7FFFC8A98DB}
		{FAD9D955-FFA3-46C9-BC38-1E54AE5216DF} = {1545E0B2-B9EA-45CA-9102-F7FFFC8A98DB}
		{B5D6AE09-1048-47CF-9824-9936BF09110C} = {1545E0B2-B9EA-45CA-9102-F7FFFC8A98DB}
		{1E5A5DCB-FB6D-441F-8315-6EEAEFE0EAE8} = {1545E0B2-B9EA-45CA-9102-F7FFFC8A98DB}
		{3D7000D4-152B-4367-8ADE-D805B6E3FD76} = {1545E0B2-B9EA-45CA-9102-F7FFFC8A98DB}
		{83166134-1F5A-4503-8C12-8D8139DE1443} = {1545E0B2-B9EA-45CA-9102-F7FFFC8A98DB}
		{DEA2137C-0FA7-43B7-8C2E-F201EA301DD7} = {1545E0B2-B9EA-45CA-9102-F7FFFC8A98DB}
		{B7770198-C4C3-4C7E-8E90-75253F0ECFFB} = {1545E0B2-B9EA-45CA-9102-F7FFFC8A98DB}
		{ED914B32-01D0-4EA9-9CAE-DF07C2C0F845} = {1545E0B2-B9EA-45CA-9102-F7FFFC8A98DB}
		{0602EFEB-C34B-48F4-B1F2-74C8C0F684CC} = {1545E0B2-B9EA-45CA-9102-F7FFFC8A98DB}
		{4D340B63-9CF7-48B7-B274-8424A1648450} = {1545E0B2-B9EA-45CA-9102-F7FFFC8A98DB}
		{973B21AB-BE5F-4265-9071-BD8177EFC386} = {1545E0B2-B9EA-45CA-9102-F7FFFC8A98DB}
		{AF3CAA72-F92E-45D9-808E-C6D67016CF64} = {1545E0B2-B9EA-45CA-9102-F7FFFC8A98DB}
		{7D8D80F3-12C7-4BD9-B29A-3FCE58F363CA} = {1545E0B2-B9EA-45CA-9102-F7FFFC8A98DB}
		{E8F5483D-937B-4CF6-82B7-1FA058A2C713} = {1545E0B2-B9EA-45CA-9102-F7FFFC8A98DB}
		{92BF4747-14B9-4E13-9518-084819FC6CDE} = {1545E0B2-B9EA-45CA-9102-F7FFFC8A98DB}
		{74831B49-0F9E-4287-854C-550E800C159B} = {1545E0B2-B9EA-45CA-9102-F7FFFC8A98DB}
		{D722F750-2A14-4AE1-964A-B1D4F3AAD4BB} = {1545E0B2-B9EA-45CA-9102-F7FFFC8A98DB}
		{34D58F60-0394-477A-AE4D-9B5D9A80FD09} = {1545E0B2-B9EA-45CA-9102-F7FFFC8A98DB}
		{06478414-5F13-45B6-92DE-69807205F76A} = {1545E0B2-B9EA-45CA-9102-F7FFFC8A98DB}
		{12A446E5-2585-4A96-A006-55AFC2DEF564} = {1545E0B2-B9EA-45CA-9102-F7FFFC8A98DB}
		{CE30D9C0-6780-4427-A686-159B9760EEFB} = {1545E0B2-B9EA-45CA-9102-F7FFFC8A98DB}
		{F8DDE01A-8471-4508-B6B1-5F54C95A3EFF} = {1545E0B2-B9EA-45CA-9102-F7FFFC8A98DB}
		{1E313A4F-AFE9-46D1-A566-C9F08D614505} = {1545E0B2-B9EA-45CA-9102-F7FFFC8A98DB}
		{C44DBBCD-96AB-4EC7-A953-71344D944D61} = {1545E0B2-B9EA-45CA-9102-F7FFFC8A98DB}
		{913DA340-C3E0-46BE-8E6D-23B02AB9562F} = {1545E0B2-B9EA-45CA-9102-F7FFFC8A98DB}
		{CE0051D5-F56B-4EA8-B1B7-A008173727B3} = {1545E0B2-B9EA-45CA-9102-F7FFFC8A98DB}
		{638E5289-9B25-411A-BDDB-F5D20335DF69} = {CE0051D5-F56B-4EA8-B1B7-A008173727B3}
	EndGlobalSection
	GlobalSection(ExtensibilityGlobals) = postSolution
		SolutionGuid = {EBD5D0B5-74E4-4112-B9C8-3AA2758D5C6C}
	EndGlobalSection
EndGlobal
